
Microsoft Visual Studio Solution File, Format Version 12.00
# Visual Studio Version 16
VisualStudioVersion = 16.0.31019.35
MinimumVisualStudioVersion = 10.0.40219.1
Project("{FAE04EC0-301F-11D3-BF4B-00C04F79EFBC}") = "zarinpalasp.netcorerest", "zarinpalasp.netcorerest\zarinpalasp.netcorerest.csproj", "{62904AF2-6DEA-4A44-A2C1-02F3380AC475}"
EndProject
Global
	GlobalSection(SolutionConfigurationPlatforms) = preSolution
		Debug|Any CPU = Debug|Any CPU
		Release|Any CPU = Release|Any CPU
	EndGlobalSection
	GlobalSection(ProjectConfigurationPlatforms) = postSolution
		{62904AF2-6DEA-4A44-A2C1-02F3380AC475}.Debug|Any CPU.ActiveCfg = Debug|Any CPU
		{62904AF2-6DEA-4A44-A2C1-02F3380AC475}.Debug|Any CPU.Build.0 = Debug|Any CPU
		{62904AF2-6DEA-4A44-A2C1-02F3380AC475}.Release|Any CPU.ActiveCfg = Release|Any CPU
		{62904AF2-6DEA-4A44-A2C1-02F3380AC475}.Release|Any CPU.Build.0 = Release|Any CPU
	EndGlobalSection
	GlobalSection(SolutionProperties) = preSolution
		HideSolutionNode = FALSE
	EndGlobalSection
	GlobalSection(ExtensibilityGlobals) = postSolution
		SolutionGuid = {C067041B-4951-45D9-92CB-0B527893181B}
	EndGlobalSection
EndGlobal
